
Microsoft Visual Studio Solution File, Format Version 11.00
# Visual Studio 2010
Project("{FAE04EC0-301F-11D3-BF4B-00C04F79EFBC}") = "Assembly-CSharp", "Assembly-CSharp.csproj", "{165f7e22-6330-8d98-c9cc-c9cdb5883d20}"
EndProject
Project("{FAE04EC0-301F-11D3-BF4B-00C04F79EFBC}") = "Assembly-CSharp-Editor", "Assembly-CSharp-Editor.csproj", "{0ab22b37-ad6e-0dff-f2fb-8b778c5bd4df}"
EndProject
Global
	GlobalSection(SolutionConfigurationPlatforms) = preSolution
		Debug|Any CPU = Debug|Any CPU
	EndGlobalSection
	GlobalSection(ProjectConfigurationPlatforms) = postSolution
		{165f7e22-6330-8d98-c9cc-c9cdb5883d20}.Debug|Any CPU.ActiveCfg = Debug|Any CPU
		{165f7e22-6330-8d98-c9cc-c9cdb5883d20}.Debug|Any CPU.Build.0 = Debug|Any CPU
		{0ab22b37-ad6e-0dff-f2fb-8b778c5bd4df}.Debug|Any CPU.ActiveCfg = Debug|Any CPU
		{0ab22b37-ad6e-0dff-f2fb-8b778c5bd4df}.Debug|Any CPU.Build.0 = Debug|Any CPU
	EndGlobalSection
	GlobalSection(SolutionProperties) = preSolution
		HideSolutionNode = FALSE
	EndGlobalSection
EndGlobal
